
Microsoft Visual Studio Solution File, Format Version 12.00
# Visual Studio 15
VisualStudioVersion = 15.0.28307.1267
MinimumVisualStudioVersion = 10.0.40219.1
Project("{FAE04EC0-301F-11D3-BF4B-00C04F79EFBC}") = "Employee", "Employee\Employee.csproj", "{B1232C2A-1582-4009-B91F-6909E202D685}"
EndProject
Global
	GlobalSection(SolutionConfigurationPlatforms) = preSolution
		Debug|Any CPU = Debug|Any CPU
		Release|Any CPU = Release|Any CPU
	EndGlobalSection
	GlobalSection(ProjectConfigurationPlatforms) = postSolution
		{B1232C2A-1582-4009-B91F-6909E202D685}.Debug|Any CPU.ActiveCfg = Debug|Any CPU
		{B1232C2A-1582-4009-B91F-6909E202D685}.Debug|Any CPU.Build.0 = Debug|Any CPU
		{B1232C2A-1582-4009-B91F-6909E202D685}.Release|Any CPU.ActiveCfg = Release|Any CPU
		{B1232C2A-1582-4009-B91F-6909E202D685}.Release|Any CPU.Build.0 = Release|Any CPU
	EndGlobalSection
	GlobalSection(SolutionProperties) = preSolution
		HideSolutionNode = FALSE
	EndGlobalSection
	GlobalSection(ExtensibilityGlobals) = postSolution
		SolutionGuid = {8CBCC5FA-EA2C-4929-AD6A-E3DA44A3166B}
	EndGlobalSection
EndGlobal
